// !$*UTF8*$!
{
	archiveVersion = 1;
	classes = {
	};
	objectVersion = 51;
	objects = {

/* Begin PBXBuildFile section */
		3F0DE0AA27B74AAF008D8341 /* WebPageViewController.swift in Sources */ = {isa = PBXBuildFile; fileRef = 3F0DE0A927B74AAF008D8341 /* WebPageViewController.swift */; };
		3F555E7527B47DEC00461947 /* ArticleItem.swift in Sources */ = {isa = PBXBuildFile; fileRef = 3F555E7427B47DEC00461947 /* ArticleItem.swift */; };
		3F555E7727B482CB00461947 /* ArticleCollectionViewCell.swift in Sources */ = {isa = PBXBuildFile; fileRef = 3F555E7627B482CB00461947 /* ArticleCollectionViewCell.swift */; };
		3F698C0727B3AC6D0013955C /* AppDelegate.swift in Sources */ = {isa = PBXBuildFile; fileRef = 3F698C0627B3AC6D0013955C /* AppDelegate.swift */; };
		3F698C0927B3AC6D0013955C /* SceneDelegate.swift in Sources */ = {isa = PBXBuildFile; fileRef = 3F698C0827B3AC6D0013955C /* SceneDelegate.swift */; };
		3F698C0B27B3AC6D0013955C /* ViewController.swift in Sources */ = {isa = PBXBuildFile; fileRef = 3F698C0A27B3AC6D0013955C /* ViewController.swift */; };
		3F698C0E27B3AC6D0013955C /* Main.storyboard in Resources */ = {isa = PBXBuildFile; fileRef = 3F698C0C27B3AC6D0013955C /* Main.storyboard */; };
		3F698C1027B3AC6E0013955C /* Assets.xcassets in Resources */ = {isa = PBXBuildFile; fileRef = 3F698C0F27B3AC6E0013955C /* Assets.xcassets */; };
		3F698C1327B3AC6E0013955C /* LaunchScreen.storyboard in Resources */ = {isa = PBXBuildFile; fileRef = 3F698C1127B3AC6E0013955C /* LaunchScreen.storyboard */; };
		3F698C1E27B3AC6F0013955C /* Google_NewsTests.swift in Sources */ = {isa = PBXBuildFile; fileRef = 3F698C1D27B3AC6F0013955C /* Google_NewsTests.swift */; };
		3F698C2927B3AC6F0013955C /* Google_NewsUITests.swift in Sources */ = {isa = PBXBuildFile; fileRef = 3F698C2827B3AC6F0013955C /* Google_NewsUITests.swift */; };
		5B1BC974FAA9D245A002F70A /* Pods_Google_News.framework in Frameworks */ = {isa = PBXBuildFile; fileRef = 075B6AA314029D7FCC325347 /* Pods_Google_News.framework */; };
		68E4DDB54D2057A062DB23D1 /* Pods_Google_News_Google_NewsUITests.framework in Frameworks */ = {isa = PBXBuildFile; fileRef = FCF283320F4065F6DFA5268E /* Pods_Google_News_Google_NewsUITests.framework */; };
		E2DCDFF801670740B6CB0559 /* Pods_Google_NewsTests.framework in Frameworks */ = {isa = PBXBuildFile; fileRef = 41BBD7171CB7CFCE4C05F1A2 /* Pods_Google_NewsTests.framework */; };
/* End PBXBuildFile section */

/* Begin PBXContainerItemProxy section */
		3F698C1A27B3AC6F0013955C /* PBXContainerItemProxy */ = {
			isa = PBXContainerItemProxy;
			containerPortal = 3F698BFB27B3AC6D0013955C /* Project object */;
			proxyType = 1;
			remoteGlobalIDString = 3F698C0227B3AC6D0013955C;
			remoteInfo = "Google News";
		};
		3F698C2527B3AC6F0013955C /* PBXContainerItemProxy */ = {
			isa = PBXContainerItemProxy;
			containerPortal = 3F698BFB27B3AC6D0013955C /* Project object */;
			proxyType = 1;
			remoteGlobalIDString = 3F698C0227B3AC6D0013955C;
			remoteInfo = "Google News";
		};
/* End PBXContainerItemProxy section */

/* Begin PBXFileReference section */
		075B6AA314029D7FCC325347 /* Pods_Google_News.framework */ = {isa = PBXFileReference; explicitFileType = wrapper.framework; includeInIndex = 0; path = Pods_Google_News.framework; sourceTree = BUILT_PRODUCTS_DIR; };
		135A72F6E90344CE3373BB03 /* Pods-Google NewsTests.release.xcconfig */ = {isa = PBXFileReference; includeInIndex = 1; lastKnownFileType = text.xcconfig; name = "Pods-Google NewsTests.release.xcconfig"; path = "Target Support Files/Pods-Google NewsTests/Pods-Google NewsTests.release.xcconfig"; sourceTree = "<group>"; };
		17CBA1891E8B22444D190AF9 /* Pods-Google News-Google NewsUITests.debug.xcconfig */ = {isa = PBXFileReference; includeInIndex = 1; lastKnownFileType = text.xcconfig; name = "Pods-Google News-Google NewsUITests.debug.xcconfig"; path = "Target Support Files/Pods-Google News-Google NewsUITests/Pods-Google News-Google NewsUITests.debug.xcconfig"; sourceTree = "<group>"; };
		3F0DE0A927B74AAF008D8341 /* WebPageViewController.swift */ = {isa = PBXFileReference; lastKnownFileType = sourcecode.swift; path = WebPageViewController.swift; sourceTree = "<group>"; };
		3F555E7427B47DEC00461947 /* ArticleItem.swift */ = {isa = PBXFileReference; lastKnownFileType = sourcecode.swift; path = ArticleItem.swift; sourceTree = "<group>"; };
		3F555E7627B482CB00461947 /* ArticleCollectionViewCell.swift */ = {isa = PBXFileReference; lastKnownFileType = sourcecode.swift; path = ArticleCollectionViewCell.swift; sourceTree = "<group>"; };
		3F698C0327B3AC6D0013955C /* Google News.app */ = {isa = PBXFileReference; explicitFileType = wrapper.application; includeInIndex = 0; path = "Google News.app"; sourceTree = BUILT_PRODUCTS_DIR; };
		3F698C0627B3AC6D0013955C /* AppDelegate.swift */ = {isa = PBXFileReference; lastKnownFileType = sourcecode.swift; path = AppDelegate.swift; sourceTree = "<group>"; };
		3F698C0827B3AC6D0013955C /* SceneDelegate.swift */ = {isa = PBXFileReference; lastKnownFileType = sourcecode.swift; path = SceneDelegate.swift; sourceTree = "<group>"; };
		3F698C0A27B3AC6D0013955C /* ViewController.swift */ = {isa = PBXFileReference; lastKnownFileType = sourcecode.swift; path = ViewController.swift; sourceTree = "<group>"; };
		3F698C0D27B3AC6D0013955C /* Base */ = {isa = PBXFileReference; lastKnownFileType = file.storyboard; name = Base; path = Base.lproj/Main.storyboard; sourceTree = "<group>"; };
		3F698C0F27B3AC6E0013955C /* Assets.xcassets */ = {isa = PBXFileReference; lastKnownFileType = folder.assetcatalog; path = Assets.xcassets; sourceTree = "<group>"; };
		3F698C1227B3AC6E0013955C /* Base */ = {isa = PBXFileReference; lastKnownFileType = file.storyboard; name = Base; path = Base.lproj/LaunchScreen.storyboard; sourceTree = "<group>"; };
		3F698C1427B3AC6E0013955C /* Info.plist */ = {isa = PBXFileReference; lastKnownFileType = text.plist.xml; path = Info.plist; sourceTree = "<group>"; };
		3F698C1927B3AC6F0013955C /* Google NewsTests.xctest */ = {isa = PBXFileReference; explicitFileType = wrapper.cfbundle; includeInIndex = 0; path = "Google NewsTests.xctest"; sourceTree = BUILT_PRODUCTS_DIR; };
		3F698C1D27B3AC6F0013955C /* Google_NewsTests.swift */ = {isa = PBXFileReference; lastKnownFileType = sourcecode.swift; path = Google_NewsTests.swift; sourceTree = "<group>"; };
		3F698C1F27B3AC6F0013955C /* Info.plist */ = {isa = PBXFileReference; lastKnownFileType = text.plist.xml; path = Info.plist; sourceTree = "<group>"; };
		3F698C2427B3AC6F0013955C /* Google NewsUITests.xctest */ = {isa = PBXFileReference; explicitFileType = wrapper.cfbundle; includeInIndex = 0; path = "Google NewsUITests.xctest"; sourceTree = BUILT_PRODUCTS_DIR; };
		3F698C2827B3AC6F0013955C /* Google_NewsUITests.swift */ = {isa = PBXFileReference; lastKnownFileType = sourcecode.swift; path = Google_NewsUITests.swift; sourceTree = "<group>"; };
		3F698C2A27B3AC6F0013955C /* Info.plist */ = {isa = PBXFileReference; lastKnownFileType = text.plist.xml; path = Info.plist; sourceTree = "<group>"; };
		41BBD7171CB7CFCE4C05F1A2 /* Pods_Google_NewsTests.framework */ = {isa = PBXFileReference; explicitFileType = wrapper.framework; includeInIndex = 0; path = Pods_Google_NewsTests.framework; sourceTree = BUILT_PRODUCTS_DIR; };
		4F60C10221680167067633B7 /* Pods-Google News-Google NewsUITests.release.xcconfig */ = {isa = PBXFileReference; includeInIndex = 1; lastKnownFileType = text.xcconfig; name = "Pods-Google News-Google NewsUITests.release.xcconfig"; path = "Target Support Files/Pods-Google News-Google NewsUITests/Pods-Google News-Google NewsUITests.release.xcconfig"; sourceTree = "<group>"; };
		6B25E742F7E79C4FDD8307CC /* Pods-Google NewsTests.debug.xcconfig */ = {isa = PBXFileReference; includeInIndex = 1; lastKnownFileType = text.xcconfig; name = "Pods-Google NewsTests.debug.xcconfig"; path = "Target Support Files/Pods-Google NewsTests/Pods-Google NewsTests.debug.xcconfig"; sourceTree = "<group>"; };
		80645B41B6D4984F66354D08 /* Pods-Google News.debug.xcconfig */ = {isa = PBXFileReference; includeInIndex = 1; lastKnownFileType = text.xcconfig; name = "Pods-Google News.debug.xcconfig"; path = "Target Support Files/Pods-Google News/Pods-Google News.debug.xcconfig"; sourceTree = "<group>"; };
		AE735B14B85ABE29A572269F /* Pods-Google News.release.xcconfig */ = {isa = PBXFileReference; includeInIndex = 1; lastKnownFileType = text.xcconfig; name = "Pods-Google News.release.xcconfig"; path = "Target Support Files/Pods-Google News/Pods-Google News.release.xcconfig"; sourceTree = "<group>"; };
		FCF283320F4065F6DFA5268E /* Pods_Google_News_Google_NewsUITests.framework */ = {isa = PBXFileReference; explicitFileType = wrapper.framework; includeInIndex = 0; path = Pods_Google_News_Google_NewsUITests.framework; sourceTree = BUILT_PRODUCTS_DIR; };
/* End PBXFileReference section */

/* Begin PBXFrameworksBuildPhase section */
		3F698C0027B3AC6D0013955C /* Frameworks */ = {
			isa = PBXFrameworksBuildPhase;
			buildActionMask = 2147483647;
			files = (
				5B1BC974FAA9D245A002F70A /* Pods_Google_News.framework in Frameworks */,
			);
			runOnlyForDeploymentPostprocessing = 0;
		};
		3F698C1627B3AC6F0013955C /* Frameworks */ = {
			isa = PBXFrameworksBuildPhase;
			buildActionMask = 2147483647;
			files = (
				E2DCDFF801670740B6CB0559 /* Pods_Google_NewsTests.framework in Frameworks */,
			);
			runOnlyForDeploymentPostprocessing = 0;
		};
		3F698C2127B3AC6F0013955C /* Frameworks */ = {
			isa = PBXFrameworksBuildPhase;
			buildActionMask = 2147483647;
			files = (
				68E4DDB54D2057A062DB23D1 /* Pods_Google_News_Google_NewsUITests.framework in Frameworks */,
			);
			runOnlyForDeploymentPostprocessing = 0;
		};
/* End PBXFrameworksBuildPhase section */

/* Begin PBXGroup section */
		3F698BFA27B3AC6D0013955C = {
			isa = PBXGroup;
			children = (
				3F698C0527B3AC6D0013955C /* Google News */,
				3F698C1C27B3AC6F0013955C /* Google NewsTests */,
				3F698C2727B3AC6F0013955C /* Google NewsUITests */,
				3F698C0427B3AC6D0013955C /* Products */,
				E2D6AFF9AE100179FEBB1F3C /* Pods */,
				E7A720FC77F36D4B3A360D9E /* Frameworks */,
			);
			sourceTree = "<group>";
		};
		3F698C0427B3AC6D0013955C /* Products */ = {
			isa = PBXGroup;
			children = (
				3F698C0327B3AC6D0013955C /* Google News.app */,
				3F698C1927B3AC6F0013955C /* Google NewsTests.xctest */,
				3F698C2427B3AC6F0013955C /* Google NewsUITests.xctest */,
			);
			name = Products;
			sourceTree = "<group>";
		};
		3F698C0527B3AC6D0013955C /* Google News */ = {
			isa = PBXGroup;
			children = (
				3F698C0627B3AC6D0013955C /* AppDelegate.swift */,
				3F698C0827B3AC6D0013955C /* SceneDelegate.swift */,
				3F698C0A27B3AC6D0013955C /* ViewController.swift */,
				3F555E7427B47DEC00461947 /* ArticleItem.swift */,
				3F555E7627B482CB00461947 /* ArticleCollectionViewCell.swift */,
				3F0DE0A927B74AAF008D8341 /* WebPageViewController.swift */,
				3F698C0C27B3AC6D0013955C /* Main.storyboard */,
				3F698C0F27B3AC6E0013955C /* Assets.xcassets */,
				3F698C1127B3AC6E0013955C /* LaunchScreen.storyboard */,
				3F698C1427B3AC6E0013955C /* Info.plist */,
			);
			path = "Google News";
			sourceTree = "<group>";
		};
		3F698C1C27B3AC6F0013955C /* Google NewsTests */ = {
			isa = PBXGroup;
			children = (
				3F698C1D27B3AC6F0013955C /* Google_NewsTests.swift */,
				3F698C1F27B3AC6F0013955C /* Info.plist */,
			);
			path = "Google NewsTests";
			sourceTree = "<group>";
		};
		3F698C2727B3AC6F0013955C /* Google NewsUITests */ = {
			isa = PBXGroup;
			children = (
				3F698C2827B3AC6F0013955C /* Google_NewsUITests.swift */,
				3F698C2A27B3AC6F0013955C /* Info.plist */,
			);
			path = "Google NewsUITests";
			sourceTree = "<group>";
		};
		E2D6AFF9AE100179FEBB1F3C /* Pods */ = {
			isa = PBXGroup;
			children = (
				80645B41B6D4984F66354D08 /* Pods-Google News.debug.xcconfig */,
				AE735B14B85ABE29A572269F /* Pods-Google News.release.xcconfig */,
				17CBA1891E8B22444D190AF9 /* Pods-Google News-Google NewsUITests.debug.xcconfig */,
				4F60C10221680167067633B7 /* Pods-Google News-Google NewsUITests.release.xcconfig */,
				6B25E742F7E79C4FDD8307CC /* Pods-Google NewsTests.debug.xcconfig */,
				135A72F6E90344CE3373BB03 /* Pods-Google NewsTests.release.xcconfig */,
			);
			path = Pods;
			sourceTree = "<group>";
		};
		E7A720FC77F36D4B3A360D9E /* Frameworks */ = {
			isa = PBXGroup;
			children = (
				075B6AA314029D7FCC325347 /* Pods_Google_News.framework */,
				FCF283320F4065F6DFA5268E /* Pods_Google_News_Google_NewsUITests.framework */,
				41BBD7171CB7CFCE4C05F1A2 /* Pods_Google_NewsTests.framework */,
			);
			name = Frameworks;
			sourceTree = "<group>";
		};
/* End PBXGroup section */

/* Begin PBXNativeTarget section */
		3F698C0227B3AC6D0013955C /* Google News */ = {
			isa = PBXNativeTarget;
			buildConfigurationList = 3F698C2D27B3AC6F0013955C /* Build configuration list for PBXNativeTarget "Google News" */;
			buildPhases = (
				A9DB0E72082047FC72427005 /* [CP] Check Pods Manifest.lock */,
				3F698BFF27B3AC6D0013955C /* Sources */,
				3F698C0027B3AC6D0013955C /* Frameworks */,
				3F698C0127B3AC6D0013955C /* Resources */,
				E821B45167EB6D507C92AE2E /* [CP] Embed Pods Frameworks */,
			);
			buildRules = (
			);
			dependencies = (
			);
			name = "Google News";
			productName = "Google News";
			productReference = 3F698C0327B3AC6D0013955C /* Google News.app */;
			productType = "com.apple.product-type.application";
		};
		3F698C1827B3AC6F0013955C /* Google NewsTests */ = {
			isa = PBXNativeTarget;
			buildConfigurationList = 3F698C3027B3AC6F0013955C /* Build configuration list for PBXNativeTarget "Google NewsTests" */;
			buildPhases = (
				7868B6335453F5D92F880FEA /* [CP] Check Pods Manifest.lock */,
				3F698C1527B3AC6F0013955C /* Sources */,
				3F698C1627B3AC6F0013955C /* Frameworks */,
				3F698C1727B3AC6F0013955C /* Resources */,
			);
			buildRules = (
			);
			dependencies = (
				3F698C1B27B3AC6F0013955C /* PBXTargetDependency */,
			);
			name = "Google NewsTests";
			productName = "Google NewsTests";
			productReference = 3F698C1927B3AC6F0013955C /* Google NewsTests.xctest */;
			productType = "com.apple.product-type.bundle.unit-test";
		};
		3F698C2327B3AC6F0013955C /* Google NewsUITests */ = {
			isa = PBXNativeTarget;
			buildConfigurationList = 3F698C3327B3AC6F0013955C /* Build configuration list for PBXNativeTarget "Google NewsUITests" */;
			buildPhases = (
				C7DA4137BD4ECD808800755D /* [CP] Check Pods Manifest.lock */,
				3F698C2027B3AC6F0013955C /* Sources */,
				3F698C2127B3AC6F0013955C /* Frameworks */,
				3F698C2227B3AC6F0013955C /* Resources */,
				A94A4EA815679E1860F0476E /* [CP] Embed Pods Frameworks */,
			);
			buildRules = (
			);
			dependencies = (
				3F698C2627B3AC6F0013955C /* PBXTargetDependency */,
			);
			name = "Google NewsUITests";
			productName = "Google NewsUITests";
			productReference = 3F698C2427B3AC6F0013955C /* Google NewsUITests.xctest */;
			productType = "com.apple.product-type.bundle.ui-testing";
		};
/* End PBXNativeTarget section */

/* Begin PBXProject section */
		3F698BFB27B3AC6D0013955C /* Project object */ = {
			isa = PBXProject;
			attributes = {
				LastSwiftUpdateCheck = 1130;
				LastUpgradeCheck = 1130;
				ORGANIZATIONNAME = "Bedri Keskin";
				TargetAttributes = {
					3F698C0227B3AC6D0013955C = {
						CreatedOnToolsVersion = 11.3.1;
					};
					3F698C1827B3AC6F0013955C = {
						CreatedOnToolsVersion = 11.3.1;
						TestTargetID = 3F698C0227B3AC6D0013955C;
					};
					3F698C2327B3AC6F0013955C = {
						CreatedOnToolsVersion = 11.3.1;
						TestTargetID = 3F698C0227B3AC6D0013955C;
					};
				};
			};
			buildConfigurationList = 3F698BFE27B3AC6D0013955C /* Build configuration list for PBXProject "Google News" */;
			compatibilityVersion = "Xcode 9.3";
			developmentRegion = en;
			hasScannedForEncodings = 0;
			knownRegions = (
				en,
				Base,
			);
			mainGroup = 3F698BFA27B3AC6D0013955C;
			productRefGroup = 3F698C0427B3AC6D0013955C /* Products */;
			projectDirPath = "";
			projectRoot = "";
			targets = (
				3F698C0227B3AC6D0013955C /* Google News */,
				3F698C1827B3AC6F0013955C /* Google NewsTests */,
				3F698C2327B3AC6F0013955C /* Google NewsUITests */,
			);
		};
/* End PBXProject section */

/* Begin PBXResourcesBuildPhase section */
		3F698C0127B3AC6D0013955C /* Resources */ = {
			isa = PBXResourcesBuildPhase;
			buildActionMask = 2147483647;
			files = (
				3F698C1327B3AC6E0013955C /* LaunchScreen.storyboard in Resources */,
				3F698C1027B3AC6E0013955C /* Assets.xcassets in Resources */,
				3F698C0E27B3AC6D0013955C /* Main.storyboard in Resources */,
			);
			runOnlyForDeploymentPostprocessing = 0;
		};
		3F698C1727B3AC6F0013955C /* Resources */ = {
			isa = PBXResourcesBuildPhase;
			buildActionMask = 2147483647;
			files = (
			);
			runOnlyForDeploymentPostprocessing = 0;
		};
		3F698C2227B3AC6F0013955C /* Resources */ = {
			isa = PBXResourcesBuildPhase;
			buildActionMask = 2147483647;
			files = (
			);
			runOnlyForDeploymentPostprocessing = 0;
		};
/* End PBXResourcesBuildPhase section */

/* Begin PBXShellScriptBuildPhase section */
		7868B6335453F5D92F880FEA /* [CP] Check Pods Manifest.lock */ = {
			isa = PBXShellScriptBuildPhase;
			buildActionMask = 2147483647;
			files = (
			);
			inputFileListPaths = (
			);
			inputPaths = (
				"${PODS_PODFILE_DIR_PATH}/Podfile.lock",
				"${PODS_ROOT}/Manifest.lock",
			);
			name = "[CP] Check Pods Manifest.lock";
			outputFileListPaths = (
			);
			outputPaths = (
				"$(DERIVED_FILE_DIR)/Pods-Google NewsTests-checkManifestLockResult.txt",
			);
			runOnlyForDeploymentPostprocessing = 0;
			shellPath = /bin/sh;
			shellScript = "diff \"${PODS_PODFILE_DIR_PATH}/Podfile.lock\" \"${PODS_ROOT}/Manifest.lock\" > /dev/null\nif [ $? != 0 ] ; then\n    # print error to STDERR\n    echo \"error: The sandbox is not in sync with the Podfile.lock. Run 'pod install' or update your CocoaPods installation.\" >&2\n    exit 1\nfi\n# This output is used by Xcode 'outputs' to avoid re-running this script phase.\necho \"SUCCESS\" > \"${SCRIPT_OUTPUT_FILE_0}\"\n";
			showEnvVarsInLog = 0;
		};
		A94A4EA815679E1860F0476E /* [CP] Embed Pods Frameworks */ = {
			isa = PBXShellScriptBuildPhase;
			buildActionMask = 2147483647;
			files = (
			);
			inputFileListPaths = (
				"${PODS_ROOT}/Target Support Files/Pods-Google News-Google NewsUITests/Pods-Google News-Google NewsUITests-frameworks-${CONFIGURATION}-input-files.xcfilelist",
			);
			name = "[CP] Embed Pods Frameworks";
			outputFileListPaths = (
				"${PODS_ROOT}/Target Support Files/Pods-Google News-Google NewsUITests/Pods-Google News-Google NewsUITests-frameworks-${CONFIGURATION}-output-files.xcfilelist",
			);
			runOnlyForDeploymentPostprocessing = 0;
			shellPath = /bin/sh;
			shellScript = "\"${PODS_ROOT}/Target Support Files/Pods-Google News-Google NewsUITests/Pods-Google News-Google NewsUITests-frameworks.sh\"\n";
			showEnvVarsInLog = 0;
		};
		A9DB0E72082047FC72427005 /* [CP] Check Pods Manifest.lock */ = {
			isa = PBXShellScriptBuildPhase;
			buildActionMask = 2147483647;
			files = (
			);
			inputFileListPaths = (
			);
			inputPaths = (
				"${PODS_PODFILE_DIR_PATH}/Podfile.lock",
				"${PODS_ROOT}/Manifest.lock",
			);
			name = "[CP] Check Pods Manifest.lock";
			outputFileListPaths = (
			);
			outputPaths = (
				"$(DERIVED_FILE_DIR)/Pods-Google News-checkManifestLockResult.txt",
			);
			runOnlyForDeploymentPostprocessing = 0;
			shellPath = /bin/sh;
			shellScript = "diff \"${PODS_PODFILE_DIR_PATH}/Podfile.lock\" \"${PODS_ROOT}/Manifest.lock\" > /dev/null\nif [ $? != 0 ] ; then\n    # print error to STDERR\n    echo \"error: The sandbox is not in sync with the Podfile.lock. Run 'pod install' or update your CocoaPods installation.\" >&2\n    exit 1\nfi\n# This output is used by Xcode 'outputs' to avoid re-running this script phase.\necho \"SUCCESS\" > \"${SCRIPT_OUTPUT_FILE_0}\"\n";
			showEnvVarsInLog = 0;
		};
		C7DA4137BD4ECD808800755D /* [CP] Check Pods Manifest.lock */ = {
			isa = PBXShellScriptBuildPhase;
			buildActionMask = 2147483647;
			files = (
			);
			inputFileListPaths = (
			);
			inputPaths = (
				"${PODS_PODFILE_DIR_PATH}/Podfile.lock",
				"${PODS_ROOT}/Manifest.lock",
			);
			name = "[CP] Check Pods Manifest.lock";
			outputFileListPaths = (
			);
			outputPaths = (
				"$(DERIVED_FILE_DIR)/Pods-Google News-Google NewsUITests-checkManifestLockResult.txt",
			);
			runOnlyForDeploymentPostprocessing = 0;
			shellPath = /bin/sh;
			shellScript = "diff \"${PODS_PODFILE_DIR_PATH}/Podfile.lock\" \"${PODS_ROOT}/Manifest.lock\" > /dev/null\nif [ $? != 0 ] ; then\n    # print error to STDERR\n    echo \"error: The sandbox is not in sync with the Podfile.lock. Run 'pod install' or update your CocoaPods installation.\" >&2\n    exit 1\nfi\n# This output is used by Xcode 'outputs' to avoid re-running this script phase.\necho \"SUCCESS\" > \"${SCRIPT_OUTPUT_FILE_0}\"\n";
			showEnvVarsInLog = 0;
		};
		E821B45167EB6D507C92AE2E /* [CP] Embed Pods Frameworks */ = {
			isa = PBXShellScriptBuildPhase;
			buildActionMask = 2147483647;
			files = (
			);
			inputFileListPaths = (
				"${PODS_ROOT}/Target Support Files/Pods-Google News/Pods-Google News-frameworks-${CONFIGURATION}-input-files.xcfilelist",
			);
			name = "[CP] Embed Pods Frameworks";
			outputFileListPaths = (
				"${PODS_ROOT}/Target Support Files/Pods-Google News/Pods-Google News-frameworks-${CONFIGURATION}-output-files.xcfilelist",
			);
			runOnlyForDeploymentPostprocessing = 0;
			shellPath = /bin/sh;
			shellScript = "\"${PODS_ROOT}/Target Support Files/Pods-Google News/Pods-Google News-frameworks.sh\"\n";
			showEnvVarsInLog = 0;
		};
/* End PBXShellScriptBuildPhase section */

/* Begin PBXSourcesBuildPhase section */
		3F698BFF27B3AC6D0013955C /* Sources */ = {
			isa = PBXSourcesBuildPhase;
			buildActionMask = 2147483647;
			files = (
				3F0DE0AA27B74AAF008D8341 /* WebPageViewController.swift in Sources */,
				3F698C0B27B3AC6D0013955C /* ViewController.swift in Sources */,
				3F698C0727B3AC6D0013955C /* AppDelegate.swift in Sources */,
				3F555E7727B482CB00461947 /* ArticleCollectionViewCell.swift in Sources */,
				3F698C0927B3AC6D0013955C /* SceneDelegate.swift in Sources */,
				3F555E7527B47DEC00461947 /* ArticleItem.swift in Sources */,
			);
			runOnlyForDeploymentPostprocessing = 0;
		};
		3F698C1527B3AC6F0013955C /* Sources */ = {
			isa = PBXSourcesBuildPhase;
			buildActionMask = 2147483647;
			files = (
				3F698C1E27B3AC6F0013955C /* Google_NewsTests.swift in Sources */,
			);
			runOnlyForDeploymentPostprocessing = 0;
		};
		3F698C2027B3AC6F0013955C /* Sources */ = {
			isa = PBXSourcesBuildPhase;
			buildActionMask = 2147483647;
			files = (
				3F698C2927B3AC6F0013955C /* Google_NewsUITests.swift in Sources */,
			);
			runOnlyForDeploymentPostprocessing = 0;
		};
/* End PBXSourcesBuildPhase section */

/* Begin PBXTargetDependency section */
		3F698C1B27B3AC6F0013955C /* PBXTargetDependency */ = {
			isa = PBXTargetDependency;
			target = 3F698C0227B3AC6D0013955C /* Google News */;
			targetProxy = 3F698C1A27B3AC6F0013955C /* PBXContainerItemProxy */;
		};
		3F698C2627B3AC6F0013955C /* PBXTargetDependency */ = {
			isa = PBXTargetDependency;
			target = 3F698C0227B3AC6D0013955C /* Google News */;
			targetProxy = 3F698C2527B3AC6F0013955C /* PBXContainerItemProxy */;
		};
/* End PBXTargetDependency section */

/* Begin PBXVariantGroup section */
		3F698C0C27B3AC6D0013955C /* Main.storyboard */ = {
			isa = PBXVariantGroup;
			children = (
				3F698C0D27B3AC6D0013955C /* Base */,
			);
			name = Main.storyboard;
			sourceTree = "<group>";
		};
		3F698C1127B3AC6E0013955C /* LaunchScreen.storyboard */ = {
			isa = PBXVariantGroup;
			children = (
				3F698C1227B3AC6E0013955C /* Base */,
			);
			name = LaunchScreen.storyboard;
			sourceTree = "<group>";
		};
/* End PBXVariantGroup section */

/* Begin XCBuildConfiguration section */
		3F698C2B27B3AC6F0013955C /* Debug */ = {
			isa = XCBuildConfiguration;
			buildSettings = {
				ALWAYS_SEARCH_USER_PATHS = NO;
				CLANG_ANALYZER_NONNULL = YES;
				CLANG_ANALYZER_NUMBER_OBJECT_CONVERSION = YES_AGGRESSIVE;
				CLANG_CXX_LANGUAGE_STANDARD = "gnu++14";
				CLANG_CXX_LIBRARY = "libc++";
				CLANG_ENABLE_MODULES = YES;
				CLANG_ENABLE_OBJC_ARC = YES;
				CLANG_ENABLE_OBJC_WEAK = YES;
				CLANG_WARN_BLOCK_CAPTURE_AUTORELEASING = YES;
				CLANG_WARN_BOOL_CONVERSION = YES;
				CLANG_WARN_COMMA = YES;
				CLANG_WARN_CONSTANT_CONVERSION = YES;
				CLANG_WARN_DEPRECATED_OBJC_IMPLEMENTATIONS = YES;
				CLANG_WARN_DIRECT_OBJC_ISA_USAGE = YES_ERROR;
				CLANG_WARN_DOCUMENTATION_COMMENTS = YES;
				CLANG_WARN_EMPTY_BODY = YES;
				CLANG_WARN_ENUM_CONVERSION = YES;
				CLANG_WARN_INFINITE_RECURSION = YES;
				CLANG_WARN_INT_CONVERSION = YES;
				CLANG_WARN_NON_LITERAL_NULL_CONVERSION = YES;
				CLANG_WARN_OBJC_IMPLICIT_RETAIN_SELF = YES;
				CLANG_WARN_OBJC_LITERAL_CONVERSION = YES;
				CLANG_WARN_OBJC_ROOT_CLASS = YES_ERROR;
				CLANG_WARN_RANGE_LOOP_ANALYSIS = YES;
				CLANG_WARN_STRICT_PROTOTYPES = YES;
				CLANG_WARN_SUSPICIOUS_MOVE = YES;
				CLANG_WARN_UNGUARDED_AVAILABILITY = YES_AGGRESSIVE;
				CLANG_WARN_UNREACHABLE_CODE = YES;
				CLANG_WARN__DUPLICATE_METHOD_MATCH = YES;
				COPY_PHASE_STRIP = NO;
				DEBUG_INFORMATION_FORMAT = dwarf;
				ENABLE_STRICT_OBJC_MSGSEND = YES;
				ENABLE_TESTABILITY = YES;
				GCC_C_LANGUAGE_STANDARD = gnu11;
				GCC_DYNAMIC_NO_PIC = NO;
				GCC_NO_COMMON_BLOCKS = YES;
				GCC_OPTIMIZATION_LEVEL = 0;
				GCC_PREPROCESSOR_DEFINITIONS = (
					"DEBUG=1",
					"$(inherited)",
				);
				GCC_WARN_64_TO_32_BIT_CONVERSION = YES;
				GCC_WARN_ABOUT_RETURN_TYPE = YES_ERROR;
				GCC_WARN_UNDECLARED_SELECTOR = YES;
				GCC_WARN_UNINITIALIZED_AUTOS = YES_AGGRESSIVE;
				GCC_WARN_UNUSED_FUNCTION = YES;
				GCC_WARN_UNUSED_VARIABLE = YES;
				IPHONEOS_DEPLOYMENT_TARGET = 13.2;
				MTL_ENABLE_DEBUG_INFO = INCLUDE_SOURCE;
				MTL_FAST_MATH = YES;
				ONLY_ACTIVE_ARCH = YES;
				SDKROOT = iphoneos;
				SWIFT_ACTIVE_COMPILATION_CONDITIONS = DEBUG;
				SWIFT_OPTIMIZATION_LEVEL = "-Onone";
			};
			name = Debug;
		};
		3F698C2C27B3AC6F0013955C /* Release */ = {
			isa = XCBuildConfiguration;
			buildSettings = {
				ALWAYS_SEARCH_USER_PATHS = NO;
				CLANG_ANALYZER_NONNULL = YES;
				CLANG_ANALYZER_NUMBER_OBJECT_CONVERSION = YES_AGGRESSIVE;
				CLANG_CXX_LANGUAGE_STANDARD = "gnu++14";
				CLANG_CXX_LIBRARY = "libc++";
				CLANG_ENABLE_MODULES = YES;
				CLANG_ENABLE_OBJC_ARC = YES;
				CLANG_ENABLE_OBJC_WEAK = YES;
				CLANG_WARN_BLOCK_CAPTURE_AUTORELEASING = YES;
				CLANG_WARN_BOOL_CONVERSION = YES;
				CLANG_WARN_COMMA = YES;
				CLANG_WARN_CONSTANT_CONVERSION = YES;
				CLANG_WARN_DEPRECATED_OBJC_IMPLEMENTATIONS = YES;
				CLANG_WARN_DIRECT_OBJC_ISA_USAGE = YES_ERROR;
				CLANG_WARN_DOCUMENTATION_COMMENTS = YES;
				CLANG_WARN_EMPTY_BODY = YES;
				CLANG_WARN_ENUM_CONVERSION = YES;
				CLANG_WARN_INFINITE_RECURSION = YES;
				CLANG_WARN_INT_CONVERSION = YES;
				CLANG_WARN_NON_LITERAL_NULL_CONVERSION = YES;
				CLANG_WARN_OBJC_IMPLICIT_RETAIN_SELF = YES;
				CLANG_WARN_OBJC_LITERAL_CONVERSION = YES;
				CLANG_WARN_OBJC_ROOT_CLASS = YES_ERROR;
				CLANG_WARN_RANGE_LOOP_ANALYSIS = YES;
				CLANG_WARN_STRICT_PROTOTYPES = YES;
				CLANG_WARN_SUSPICIOUS_MOVE = YES;
				CLANG_WARN_UNGUARDED_AVAILABILITY = YES_AGGRESSIVE;
				CLANG_WARN_UNREACHABLE_CODE = YES;
				CLANG_WARN__DUPLICATE_METHOD_MATCH = YES;
				COPY_PHASE_STRIP = NO;
				DEBUG_INFORMATION_FORMAT = "dwarf-with-dsym";
				ENABLE_NS_ASSERTIONS = NO;
				ENABLE_STRICT_OBJC_MSGSEND = YES;
				GCC_C_LANGUAGE_STANDARD = gnu11;
				GCC_NO_COMMON_BLOCKS = YES;
				GCC_WARN_64_TO_32_BIT_CONVERSION = YES;
				GCC_WARN_ABOUT_RETURN_TYPE = YES_ERROR;
				GCC_WARN_UNDECLARED_SELECTOR = YES;
				GCC_WARN_UNINITIALIZED_AUTOS = YES_AGGRESSIVE;
				GCC_WARN_UNUSED_FUNCTION = YES;
				GCC_WARN_UNUSED_VARIABLE = YES;
				IPHONEOS_DEPLOYMENT_TARGET = 13.2;
				MTL_ENABLE_DEBUG_INFO = NO;
				MTL_FAST_MATH = YES;
				SDKROOT = iphoneos;
				SWIFT_COMPILATION_MODE = wholemodule;
				SWIFT_OPTIMIZATION_LEVEL = "-O";
				VALIDATE_PRODUCT = YES;
			};
			name = Release;
		};
		3F698C2E27B3AC6F0013955C /* Debug */ = {
			isa = XCBuildConfiguration;
			baseConfigurationReference = 80645B41B6D4984F66354D08 /* Pods-Google News.debug.xcconfig */;
			buildSettings = {
				ASSETCATALOG_COMPILER_APPICON_NAME = AppIcon;
				CODE_SIGN_STYLE = Automatic;
				DEVELOPMENT_TEAM = L33HZ4XGD4;
				INFOPLIST_FILE = "Google News/Info.plist";
				LD_RUNPATH_SEARCH_PATHS = (
					"$(inherited)",
					"@executable_path/Frameworks",
				);
				PRODUCT_BUNDLE_IDENTIFIER = "com.keskin.Google-News";
				PRODUCT_NAME = "$(TARGET_NAME)";
				SWIFT_VERSION = 5.0;
				TARGETED_DEVICE_FAMILY = "1,2";
			};
			name = Debug;
		};
		3F698C2F27B3AC6F0013955C /* Release */ = {
			isa = XCBuildConfiguration;
			baseConfigurationReference = AE735B14B85ABE29A572269F /* Pods-Google News.release.xcconfig */;
			buildSettings = {
				ASSETCATALOG_COMPILER_APPICON_NAME = AppIcon;
				CODE_SIGN_STYLE = Automatic;
				DEVELOPMENT_TEAM = L33HZ4XGD4;
				INFOPLIST_FILE = "Google News/Info.plist";
				LD_RUNPATH_SEARCH_PATHS = (
					"$(inherited)",
					"@executable_path/Frameworks",
				);
				PRODUCT_BUNDLE_IDENTIFIER = "com.keskin.Google-News";
				PRODUCT_NAME = "$(TARGET_NAME)";
				SWIFT_VERSION = 5.0;
				TARGETED_DEVICE_FAMILY = "1,2";
			};
			name = Release;
		};
		3F698C3127B3AC6F0013955C /* Debug */ = {
			isa = XCBuildConfiguration;
			baseConfigurationReference = 6B25E742F7E79C4FDD8307CC /* Pods-Google NewsTests.debug.xcconfig */;
			buildSettings = {
				ALWAYS_EMBED_SWIFT_STANDARD_LIBRARIES = YES;
				BUNDLE_LOADER = "$(TEST_HOST)";
				CODE_SIGN_STYLE = Automatic;
				DEVELOPMENT_TEAM = L33HZ4XGD4;
				INFOPLIST_FILE = "Google NewsTests/Info.plist";
				IPHONEOS_DEPLOYMENT_TARGET = 13.2;
				LD_RUNPATH_SEARCH_PATHS = (
					"$(inherited)",
					"@executable_path/Frameworks",
					"@loader_path/Frameworks",
				);
				PRODUCT_BUNDLE_IDENTIFIER = "com.keskin.Google-NewsTests";
				PRODUCT_NAME = "$(TARGET_NAME)";
				SWIFT_VERSION = 5.0;
				TARGETED_DEVICE_FAMILY = "1,2";
				TEST_HOST = "$(BUILT_PRODUCTS_DIR)/Google News.app/Google News";
			};
			name = Debug;
		};
		3F698C3227B3AC6F0013955C /* Release */ = {
			isa = XCBuildConfiguration;
			baseConfigurationReference = 135A72F6E90344CE3373BB03 /* Pods-Google NewsTests.release.xcconfig */;
			buildSettings = {
				ALWAYS_EMBED_SWIFT_STANDARD_LIBRARIES = YES;
				BUNDLE_LOADER = "$(TEST_HOST)";
				CODE_SIGN_STYLE = Automatic;
				DEVELOPMENT_TEAM = L33HZ4XGD4;
				INFOPLIST_FILE = "Google NewsTests/Info.plist";
				IPHONEOS_DEPLOYMENT_TARGET = 13.2;
				LD_RUNPATH_SEARCH_PATHS = (
					"$(inherited)",
					"@executable_path/Frameworks",
					"@loader_path/Frameworks",
				);
				PRODUCT_BUNDLE_IDENTIFIER = "com.keskin.Google-NewsTests";
				PRODUCT_NAME = "$(TARGET_NAME)";
				SWIFT_VERSION = 5.0;
				TARGETED_DEVICE_FAMILY = "1,2";
				TEST_HOST = "$(BUILT_PRODUCTS_DIR)/Google News.app/Google News";
			};
			name = Release;
		};
		3F698C3427B3AC6F0013955C /* Debug */ = {
			isa = XCBuildConfiguration;
			baseConfigurationReference = 17CBA1891E8B22444D190AF9 /* Pods-Google News-Google NewsUITests.debug.xcconfig */;
			buildSettings = {
				ALWAYS_EMBED_SWIFT_STANDARD_LIBRARIES = YES;
				CODE_SIGN_STYLE = Automatic;
				DEVELOPMENT_TEAM = L33HZ4XGD4;
				INFOPLIST_FILE = "Google NewsUITests/Info.plist";
				LD_RUNPATH_SEARCH_PATHS = (
					"$(inherited)",
					"@executable_path/Frameworks",
					"@loader_path/Frameworks",
				);
				PRODUCT_BUNDLE_IDENTIFIER = "com.keskin.Google-NewsUITests";
				PRODUCT_NAME = "$(TARGET_NAME)";
				SWIFT_VERSION = 5.0;
				TARGETED_DEVICE_FAMILY = "1,2";
				TEST_TARGET_NAME = "Google News";
			};
			name = Debug;
		};
		3F698C3527B3AC6F0013955C /* Release */ = {
			isa = XCBuildConfiguration;
			baseConfigurationReference = 4F60C10221680167067633B7 /* Pods-Google News-Google NewsUITests.release.xcconfig */;
			buildSettings = {
				ALWAYS_EMBED_SWIFT_STANDARD_LIBRARIES = YES;
				CODE_SIGN_STYLE = Automatic;
				DEVELOPMENT_TEAM = L33HZ4XGD4;
				INFOPLIST_FILE = "Google NewsUITests/Info.plist";
				LD_RUNPATH_SEARCH_PATHS = (
					"$(inherited)",
					"@executable_path/Frameworks",
					"@loader_path/Frameworks",
				);
				PRODUCT_BUNDLE_IDENTIFIER = "com.keskin.Google-NewsUITests";
				PRODUCT_NAME = "$(TARGET_NAME)";
				SWIFT_VERSION = 5.0;
				TARGETED_DEVICE_FAMILY = "1,2";
				TEST_TARGET_NAME = "Google News";
			};
			name = Release;
		};
/* End XCBuildConfiguration section */

/* Begin XCConfigurationList section */
		3F698BFE27B3AC6D0013955C /* Build configuration list for PBXProject "Google News" */ = {
			isa = XCConfigurationList;
			buildConfigurations = (
				3F698C2B27B3AC6F0013955C /* Debug */,
				3F698C2C27B3AC6F0013955C /* Release */,
			);
			defaultConfigurationIsVisible = 0;
			defaultConfigurationName = Release;
		};
		3F698C2D27B3AC6F0013955C /* Build configuration list for PBXNativeTarget "Google News" */ = {
			isa = XCConfigurationList;
			buildConfigurations = (
				3F698C2E27B3AC6F0013955C /* Debug */,
				3F698C2F27B3AC6F0013955C /* Release */,
			);
			defaultConfigurationIsVisible = 0;
			defaultConfigurationName = Release;
		};
		3F698C3027B3AC6F0013955C /* Build configuration list for PBXNativeTarget "Google NewsTests" */ = {
			isa = XCConfigurationList;
			buildConfigurations = (
				3F698C3127B3AC6F0013955C /* Debug */,
				3F698C3227B3AC6F0013955C /* Release */,
			);
			defaultConfigurationIsVisible = 0;
			defaultConfigurationName = Release;
		};
		3F698C3327B3AC6F0013955C /* Build configuration list for PBXNativeTarget "Google NewsUITests" */ = {
			isa = XCConfigurationList;
			buildConfigurations = (
				3F698C3427B3AC6F0013955C /* Debug */,
				3F698C3527B3AC6F0013955C /* Release */,
			);
			defaultConfigurationIsVisible = 0;
			defaultConfigurationName = Release;
		};
/* End XCConfigurationList section */
	};
	rootObject = 3F698BFB27B3AC6D0013955C /* Project object */;
}
